
Microsoft Visual Studio Solution File, Format Version 12.00
# Visual Studio Version 16
VisualStudioVersion = 16.0.31729.503
MinimumVisualStudioVersion = 10.0.40219.1
Project("{FAE04EC0-301F-11D3-BF4B-00C04F79EFBC}") = "DirectoryReport", "DirectoryReport\DirectoryReport.csproj", "{38300B78-5B7D-4811-989F-4FAB3FBBB495}"
EndProject
Project("{FAE04EC0-301F-11D3-BF4B-00C04F79EFBC}") = "DirectoryReportingLib", "DirectoryReportingLib\DirectoryReportingLib.csproj", "{EBC49783-351D-4D2A-ABC3-BAA1E63C7D4B}"
EndProject
Global
	GlobalSection(SolutionConfigurationPlatforms) = preSolution
		Debug|Any CPU = Debug|Any CPU
		Release|Any CPU = Release|Any CPU
	EndGlobalSection
	GlobalSection(ProjectConfigurationPlatforms) = postSolution
		{38300B78-5B7D-4811-989F-4FAB3FBBB495}.Debug|Any CPU.ActiveCfg = Debug|Any CPU
		{38300B78-5B7D-4811-989F-4FAB3FBBB495}.Debug|Any CPU.Build.0 = Debug|Any CPU
		{38300B78-5B7D-4811-989F-4FAB3FBBB495}.Release|Any CPU.ActiveCfg = Release|Any CPU
		{38300B78-5B7D-4811-989F-4FAB3FBBB495}.Release|Any CPU.Build.0 = Release|Any CPU
		{EBC49783-351D-4D2A-ABC3-BAA1E63C7D4B}.Debug|Any CPU.ActiveCfg = Debug|Any CPU
		{EBC49783-351D-4D2A-ABC3-BAA1E63C7D4B}.Debug|Any CPU.Build.0 = Debug|Any CPU
		{EBC49783-351D-4D2A-ABC3-BAA1E63C7D4B}.Release|Any CPU.ActiveCfg = Release|Any CPU
		{EBC49783-351D-4D2A-ABC3-BAA1E63C7D4B}.Release|Any CPU.Build.0 = Release|Any CPU
	EndGlobalSection
	GlobalSection(SolutionProperties) = preSolution
		HideSolutionNode = FALSE
	EndGlobalSection
	GlobalSection(ExtensibilityGlobals) = postSolution
		SolutionGuid = {1CCA6717-DB9E-43D8-9218-E3FABC23FC1A}
	EndGlobalSection
EndGlobal
